
Microsoft Visual Studio Solution File, Format Version 12.00
# Visual Studio Version 17
VisualStudioVersion = 17.6.33829.357
MinimumVisualStudioVersion = 10.0.40219.1
Project("{FAE04EC0-301F-11D3-BF4B-00C04F79EFBC}") = "PruebaFinanzauto", "WebApi01\PruebaFinanzauto.csproj", "{7C840DEB-700A-47A5-9E8F-737128238586}"
EndProject
Global
	GlobalSection(SolutionConfigurationPlatforms) = preSolution
		Debug|Any CPU = Debug|Any CPU
		Release|Any CPU = Release|Any CPU
	EndGlobalSection
	GlobalSection(ProjectConfigurationPlatforms) = postSolution
		{7C840DEB-700A-47A5-9E8F-737128238586}.Debug|Any CPU.ActiveCfg = Debug|Any CPU
		{7C840DEB-700A-47A5-9E8F-737128238586}.Debug|Any CPU.Build.0 = Debug|Any CPU
		{7C840DEB-700A-47A5-9E8F-737128238586}.Release|Any CPU.ActiveCfg = Release|Any CPU
		{7C840DEB-700A-47A5-9E8F-737128238586}.Release|Any CPU.Build.0 = Release|Any CPU
	EndGlobalSection
	GlobalSection(SolutionProperties) = preSolution
		HideSolutionNode = FALSE
	EndGlobalSection
	GlobalSection(ExtensibilityGlobals) = postSolution
		SolutionGuid = {CD2BD9D4-4F94-4340-9AA8-65181DF1C97D}
	EndGlobalSection
EndGlobal
