
Microsoft Visual Studio Solution File, Format Version 12.00
# Visual Studio Version 17
VisualStudioVersion = 17.6.33829.357
MinimumVisualStudioVersion = 10.0.40219.1
Project("{FAE04EC0-301F-11D3-BF4B-00C04F79EFBC}") = "BlazorPruebaFinanzauto", "BlazorPruebaFinanzauto\BlazorPruebaFinanzauto.csproj", "{6BAB0291-0BE8-43C2-8212-5EED850E33E9}"
EndProject
Project("{FAE04EC0-301F-11D3-BF4B-00C04F79EFBC}") = "BussinesLogic", "BussinesLogic\BussinesLogic.csproj", "{9D5F8994-B87F-46D4-9EAB-9B8B4B5A5243}"
EndProject
Global
	GlobalSection(SolutionConfigurationPlatforms) = preSolution
		Debug|Any CPU = Debug|Any CPU
		Release|Any CPU = Release|Any CPU
	EndGlobalSection
	GlobalSection(ProjectConfigurationPlatforms) = postSolution
		{6BAB0291-0BE8-43C2-8212-5EED850E33E9}.Debug|Any CPU.ActiveCfg = Debug|Any CPU
		{6BAB0291-0BE8-43C2-8212-5EED850E33E9}.Debug|Any CPU.Build.0 = Debug|Any CPU
		{6BAB0291-0BE8-43C2-8212-5EED850E33E9}.Release|Any CPU.ActiveCfg = Release|Any CPU
		{6BAB0291-0BE8-43C2-8212-5EED850E33E9}.Release|Any CPU.Build.0 = Release|Any CPU
		{9D5F8994-B87F-46D4-9EAB-9B8B4B5A5243}.Debug|Any CPU.ActiveCfg = Debug|Any CPU
		{9D5F8994-B87F-46D4-9EAB-9B8B4B5A5243}.Debug|Any CPU.Build.0 = Debug|Any CPU
		{9D5F8994-B87F-46D4-9EAB-9B8B4B5A5243}.Release|Any CPU.ActiveCfg = Release|Any CPU
		{9D5F8994-B87F-46D4-9EAB-9B8B4B5A5243}.Release|Any CPU.Build.0 = Release|Any CPU
	EndGlobalSection
	GlobalSection(SolutionProperties) = preSolution
		HideSolutionNode = FALSE
	EndGlobalSection
	GlobalSection(ExtensibilityGlobals) = postSolution
		SolutionGuid = {88F9720D-824F-4492-9CE1-76E245749E42}
	EndGlobalSection
EndGlobal
